
Microsoft Visual Studio Solution File, Format Version 12.00
Project("{2150E333-8FDC-42A3-9474-1A3956D46DE8}") = "docs", "docs", "{C783CDF6-1846-4ECE-9FB2-18605138DA5F}"
EndProject
Project("{2150E333-8FDC-42A3-9474-1A3956D46DE8}") = "scripts", "scripts", "{89B97253-D2F9-4795-99F7-21E145E4A2C7}"
	ProjectSection(SolutionItems) = preProject
		scripts\docker-compose.dev.yml = scripts\docker-compose.dev.yml
	EndProjectSection
EndProject
Project("{2150E333-8FDC-42A3-9474-1A3956D46DE8}") = "src", "src", "{823B0DDC-3FDD-4807-846A-DCE55DEFAE21}"
EndProject
Project("{2150E333-8FDC-42A3-9474-1A3956D46DE8}") = "tests", "tests", "{0CC10752-276E-4A41-88BF-F62C2A7ADB3A}"
EndProject
Project("{2150E333-8FDC-42A3-9474-1A3956D46DE8}") = "Integration", "Integration", "{AB67945F-D35F-4A7B-9526-9933035831B1}"
EndProject
Project("{2150E333-8FDC-42A3-9474-1A3956D46DE8}") = "Unit", "Unit", "{D9963036-138A-4DEA-BF87-8CA020CCE48B}"
EndProject
Project("{2150E333-8FDC-42A3-9474-1A3956D46DE8}") = "Common", "Common", "{D9E78F85-8566-493F-9016-364B51842B52}"
EndProject
Project("{2150E333-8FDC-42A3-9474-1A3956D46DE8}") = "GameServer", "GameServer", "{AB64DDDD-171B-465D-9DED-D36DE8801F99}"
EndProject
Project("{2150E333-8FDC-42A3-9474-1A3956D46DE8}") = "Launcher", "Launcher", "{819B7EC5-3159-448A-87BA-5CDFB8782E5F}"
EndProject
Project("{2150E333-8FDC-42A3-9474-1A3956D46DE8}") = "Matchmaking", "Matchmaking", "{CCB8498A-F835-4331-B257-E68FD1B2C082}"
EndProject
Project("{2150E333-8FDC-42A3-9474-1A3956D46DE8}") = "Storage", "Storage", "{72317045-6B9F-4D29-B10F-399C3BBE533D}"
EndProject
Project("{2150E333-8FDC-42A3-9474-1A3956D46DE8}") = "Website", "Website", "{44F5E9F3-9E21-4511-AC52-3F9640035671}"
EndProject
Project("{FAE04EC0-301F-11D3-BF4B-00C04F79EFBC}") = "Common.Core", "src\Common.Core\Common.Core.csproj", "{A006745B-BBC3-4FAD-80DE-59DFD736271D}"
EndProject
Project("{FAE04EC0-301F-11D3-BF4B-00C04F79EFBC}") = "Common.Models", "src\Common.Models\Common.Models.csproj", "{FCC1E3F8-309F-4EC4-88D0-9DB89F67189D}"
EndProject
Project("{FAE04EC0-301F-11D3-BF4B-00C04F79EFBC}") = "Common.Networking", "src\Common.Networking\Common.Networking.csproj", "{B0DF821A-CCB5-4743-9B98-DCEFCB0E682E}"
EndProject
Project("{FAE04EC0-301F-11D3-BF4B-00C04F79EFBC}") = "Common.Security", "src\Common.Security\Common.Security.csproj", "{06F5941F-CED0-43E3-83D9-5DE770AE670A}"
EndProject
Project("{FAE04EC0-301F-11D3-BF4B-00C04F79EFBC}") = "GameServer.Business", "src\GameServer.Business\GameServer.Business.csproj", "{E425399F-3EA3-420E-BF6C-09B744B2BDC9}"
EndProject
Project("{FAE04EC0-301F-11D3-BF4B-00C04F79EFBC}") = "GameServer.Models", "src\GameServer.Models\GameServer.Models.csproj", "{B4FC7C40-BEEB-4189-8CAD-263EE2156668}"
EndProject
Project("{FAE04EC0-301F-11D3-BF4B-00C04F79EFBC}") = "GameServer.Models.Mappings", "src\GameServer.Models.Mappings\GameServer.Models.Mappings.csproj", "{A0034C06-E01E-4B14-872E-B2A36D4FB5CA}"
EndProject
Project("{FAE04EC0-301F-11D3-BF4B-00C04F79EFBC}") = "GameServer.Services", "src\GameServer.Services\GameServer.Services.csproj", "{CB086C42-45A7-40F8-AFD5-700A6EE630F7}"
EndProject
Project("{FAE04EC0-301F-11D3-BF4B-00C04F79EFBC}") = "GameServer.WebApi", "src\GameServer.WebApi\GameServer.WebApi.csproj", "{726AC512-05F7-428A-B274-537EBA7C2FCE}"
EndProject
Project("{FAE04EC0-301F-11D3-BF4B-00C04F79EFBC}") = "Launcher.DesktopApp", "src\Launcher.DesktopApp\Launcher.DesktopApp.csproj", "{6BAEE46C-F1C0-44C5-957B-FE437DAEE7A5}"
EndProject
Project("{FAE04EC0-301F-11D3-BF4B-00C04F79EFBC}") = "Matchmaking.Business", "src\Matchmaking.Business\Matchmaking.Business.csproj", "{778EC63E-8D42-4950-8ED9-E98F29E2A9F6}"
EndProject
Project("{FAE04EC0-301F-11D3-BF4B-00C04F79EFBC}") = "Matchmaking.LoadBalancing.WebApi", "src\Matchmaking.LoadBalancing.WebApi\Matchmaking.LoadBalancing.WebApi.csproj", "{FA8E8C0A-E51C-4C76-AD72-B0314BCB0A9B}"
EndProject
Project("{FAE04EC0-301F-11D3-BF4B-00C04F79EFBC}") = "Matchmaking.Models", "src\Matchmaking.Models\Matchmaking.Models.csproj", "{614F29FF-5432-4D17-89C0-49C74920BE54}"
EndProject
Project("{FAE04EC0-301F-11D3-BF4B-00C04F79EFBC}") = "Matchmaking.Models.Mappings", "src\Matchmaking.Models.Mappings\Matchmaking.Models.Mappings.csproj", "{DDC83A73-1C9A-41A5-95D6-E9DC11DDA202}"
EndProject
Project("{FAE04EC0-301F-11D3-BF4B-00C04F79EFBC}") = "Matchmaking.Services", "src\Matchmaking.Services\Matchmaking.Services.csproj", "{D5E491DD-4074-46A1-9B03-CE32D56A44CD}"
EndProject
Project("{FAE04EC0-301F-11D3-BF4B-00C04F79EFBC}") = "Matchmaking.WebApi", "src\Matchmaking.WebApi\Matchmaking.WebApi.csproj", "{2ADF7010-51C8-40B6-9EFA-47835812B7F4}"
EndProject
Project("{FAE04EC0-301F-11D3-BF4B-00C04F79EFBC}") = "Storage.Business", "src\Storage.Business\Storage.Business.csproj", "{5D9D9B70-F9F4-48C6-9D8A-5DC7C8DE8B36}"
EndProject
Project("{FAE04EC0-301F-11D3-BF4B-00C04F79EFBC}") = "Storage.DataAccess", "src\Storage.DataAccess\Storage.DataAccess.csproj", "{E695D935-6EFC-4705-8507-159775B8DC62}"
EndProject
Project("{FAE04EC0-301F-11D3-BF4B-00C04F79EFBC}") = "Storage.Models", "src\Storage.Models\Storage.Models.csproj", "{2281E1D3-7099-4B9F-9234-67B3DBA99A4B}"
EndProject
Project("{FAE04EC0-301F-11D3-BF4B-00C04F79EFBC}") = "Storage.Models.Mappings", "src\Storage.Models.Mappings\Storage.Models.Mappings.csproj", "{7F07AEFF-560E-473F-9E41-537BCF0B197B}"
EndProject
Project("{FAE04EC0-301F-11D3-BF4B-00C04F79EFBC}") = "Storage.Repository", "src\Storage.Repository\Storage.Repository.csproj", "{3BA7E924-977E-454F-B2DA-C08395334E66}"
EndProject
Project("{FAE04EC0-301F-11D3-BF4B-00C04F79EFBC}") = "Storage.Services", "src\Storage.Services\Storage.Services.csproj", "{3F4FBB83-20AA-4305-BFA4-704D32506593}"
EndProject
Project("{FAE04EC0-301F-11D3-BF4B-00C04F79EFBC}") = "Storage.WebApi", "src\Storage.WebApi\Storage.WebApi.csproj", "{46192FF3-36B4-42B5-9F4C-281394D321D0}"
EndProject
Project("{FAE04EC0-301F-11D3-BF4B-00C04F79EFBC}") = "Website.Business", "src\Website.Business\Website.Business.csproj", "{DC5D086C-708C-46B2-A6C3-F1C2A83F42E3}"
EndProject
Project("{FAE04EC0-301F-11D3-BF4B-00C04F79EFBC}") = "Website.DataAccess", "src\Website.DataAccess\Website.DataAccess.csproj", "{7961FC59-43B1-4F21-8976-5074536D5CA7}"
EndProject
Project("{FAE04EC0-301F-11D3-BF4B-00C04F79EFBC}") = "Website.Models", "src\Website.Models\Website.Models.csproj", "{24A6626E-9E90-469D-9CCD-EF8BF3ED6AC5}"
EndProject
Project("{FAE04EC0-301F-11D3-BF4B-00C04F79EFBC}") = "Website.Models.Mappings", "src\Website.Models.Mappings\Website.Models.Mappings.csproj", "{709467AA-1B4D-4AAA-9912-CE84707C733A}"
EndProject
Project("{FAE04EC0-301F-11D3-BF4B-00C04F79EFBC}") = "Website.Presentation", "src\Website.Presentation\Website.Presentation.csproj", "{5BB8D645-8EDC-403A-A5AA-67B236FC2807}"
EndProject
Project("{FAE04EC0-301F-11D3-BF4B-00C04F79EFBC}") = "Website.Repository", "src\Website.Repository\Website.Repository.csproj", "{07E00680-0151-4B8A-AFBD-B22DF382CB36}"
EndProject
Project("{FAE04EC0-301F-11D3-BF4B-00C04F79EFBC}") = "Website.Services", "src\Website.Services\Website.Services.csproj", "{F718C326-690B-4153-9ED8-041B2068B619}"
EndProject
Project("{FAE04EC0-301F-11D3-BF4B-00C04F79EFBC}") = "Website.WebApp", "src\Website.WebApp\Website.WebApp.csproj", "{20AA9BC2-55E1-4C8B-8971-826BC0E85FB7}"
EndProject
Global
	GlobalSection(SolutionConfigurationPlatforms) = preSolution
		Debug|Any CPU = Debug|Any CPU
		Release|Any CPU = Release|Any CPU
	EndGlobalSection
	GlobalSection(NestedProjects) = preSolution
		{AB67945F-D35F-4A7B-9526-9933035831B1} = {0CC10752-276E-4A41-88BF-F62C2A7ADB3A}
		{D9963036-138A-4DEA-BF87-8CA020CCE48B} = {0CC10752-276E-4A41-88BF-F62C2A7ADB3A}
		{D9E78F85-8566-493F-9016-364B51842B52} = {823B0DDC-3FDD-4807-846A-DCE55DEFAE21}
		{AB64DDDD-171B-465D-9DED-D36DE8801F99} = {823B0DDC-3FDD-4807-846A-DCE55DEFAE21}
		{819B7EC5-3159-448A-87BA-5CDFB8782E5F} = {823B0DDC-3FDD-4807-846A-DCE55DEFAE21}
		{CCB8498A-F835-4331-B257-E68FD1B2C082} = {823B0DDC-3FDD-4807-846A-DCE55DEFAE21}
		{72317045-6B9F-4D29-B10F-399C3BBE533D} = {823B0DDC-3FDD-4807-846A-DCE55DEFAE21}
		{44F5E9F3-9E21-4511-AC52-3F9640035671} = {823B0DDC-3FDD-4807-846A-DCE55DEFAE21}
		{A006745B-BBC3-4FAD-80DE-59DFD736271D} = {D9E78F85-8566-493F-9016-364B51842B52}
		{FCC1E3F8-309F-4EC4-88D0-9DB89F67189D} = {D9E78F85-8566-493F-9016-364B51842B52}
		{B0DF821A-CCB5-4743-9B98-DCEFCB0E682E} = {D9E78F85-8566-493F-9016-364B51842B52}
		{06F5941F-CED0-43E3-83D9-5DE770AE670A} = {D9E78F85-8566-493F-9016-364B51842B52}
		{E425399F-3EA3-420E-BF6C-09B744B2BDC9} = {AB64DDDD-171B-465D-9DED-D36DE8801F99}
		{B4FC7C40-BEEB-4189-8CAD-263EE2156668} = {AB64DDDD-171B-465D-9DED-D36DE8801F99}
		{A0034C06-E01E-4B14-872E-B2A36D4FB5CA} = {AB64DDDD-171B-465D-9DED-D36DE8801F99}
		{CB086C42-45A7-40F8-AFD5-700A6EE630F7} = {AB64DDDD-171B-465D-9DED-D36DE8801F99}
		{726AC512-05F7-428A-B274-537EBA7C2FCE} = {AB64DDDD-171B-465D-9DED-D36DE8801F99}
		{6BAEE46C-F1C0-44C5-957B-FE437DAEE7A5} = {819B7EC5-3159-448A-87BA-5CDFB8782E5F}
		{778EC63E-8D42-4950-8ED9-E98F29E2A9F6} = {CCB8498A-F835-4331-B257-E68FD1B2C082}
		{FA8E8C0A-E51C-4C76-AD72-B0314BCB0A9B} = {CCB8498A-F835-4331-B257-E68FD1B2C082}
		{614F29FF-5432-4D17-89C0-49C74920BE54} = {CCB8498A-F835-4331-B257-E68FD1B2C082}
		{DDC83A73-1C9A-41A5-95D6-E9DC11DDA202} = {CCB8498A-F835-4331-B257-E68FD1B2C082}
		{D5E491DD-4074-46A1-9B03-CE32D56A44CD} = {CCB8498A-F835-4331-B257-E68FD1B2C082}
		{2ADF7010-51C8-40B6-9EFA-47835812B7F4} = {CCB8498A-F835-4331-B257-E68FD1B2C082}
		{5D9D9B70-F9F4-48C6-9D8A-5DC7C8DE8B36} = {72317045-6B9F-4D29-B10F-399C3BBE533D}
		{E695D935-6EFC-4705-8507-159775B8DC62} = {72317045-6B9F-4D29-B10F-399C3BBE533D}
		{2281E1D3-7099-4B9F-9234-67B3DBA99A4B} = {72317045-6B9F-4D29-B10F-399C3BBE533D}
		{7F07AEFF-560E-473F-9E41-537BCF0B197B} = {72317045-6B9F-4D29-B10F-399C3BBE533D}
		{3BA7E924-977E-454F-B2DA-C08395334E66} = {72317045-6B9F-4D29-B10F-399C3BBE533D}
		{3F4FBB83-20AA-4305-BFA4-704D32506593} = {72317045-6B9F-4D29-B10F-399C3BBE533D}
		{46192FF3-36B4-42B5-9F4C-281394D321D0} = {72317045-6B9F-4D29-B10F-399C3BBE533D}
		{DC5D086C-708C-46B2-A6C3-F1C2A83F42E3} = {44F5E9F3-9E21-4511-AC52-3F9640035671}
		{7961FC59-43B1-4F21-8976-5074536D5CA7} = {44F5E9F3-9E21-4511-AC52-3F9640035671}
		{24A6626E-9E90-469D-9CCD-EF8BF3ED6AC5} = {44F5E9F3-9E21-4511-AC52-3F9640035671}
		{709467AA-1B4D-4AAA-9912-CE84707C733A} = {44F5E9F3-9E21-4511-AC52-3F9640035671}
		{5BB8D645-8EDC-403A-A5AA-67B236FC2807} = {44F5E9F3-9E21-4511-AC52-3F9640035671}
		{07E00680-0151-4B8A-AFBD-B22DF382CB36} = {44F5E9F3-9E21-4511-AC52-3F9640035671}
		{F718C326-690B-4153-9ED8-041B2068B619} = {44F5E9F3-9E21-4511-AC52-3F9640035671}
		{20AA9BC2-55E1-4C8B-8971-826BC0E85FB7} = {44F5E9F3-9E21-4511-AC52-3F9640035671}
	EndGlobalSection
	GlobalSection(ProjectConfigurationPlatforms) = postSolution
		{A006745B-BBC3-4FAD-80DE-59DFD736271D}.Debug|Any CPU.ActiveCfg = Debug|Any CPU
		{A006745B-BBC3-4FAD-80DE-59DFD736271D}.Debug|Any CPU.Build.0 = Debug|Any CPU
		{A006745B-BBC3-4FAD-80DE-59DFD736271D}.Release|Any CPU.ActiveCfg = Release|Any CPU
		{A006745B-BBC3-4FAD-80DE-59DFD736271D}.Release|Any CPU.Build.0 = Release|Any CPU
		{FCC1E3F8-309F-4EC4-88D0-9DB89F67189D}.Debug|Any CPU.ActiveCfg = Debug|Any CPU
		{FCC1E3F8-309F-4EC4-88D0-9DB89F67189D}.Debug|Any CPU.Build.0 = Debug|Any CPU
		{FCC1E3F8-309F-4EC4-88D0-9DB89F67189D}.Release|Any CPU.ActiveCfg = Release|Any CPU
		{FCC1E3F8-309F-4EC4-88D0-9DB89F67189D}.Release|Any CPU.Build.0 = Release|Any CPU
		{B0DF821A-CCB5-4743-9B98-DCEFCB0E682E}.Debug|Any CPU.ActiveCfg = Debug|Any CPU
		{B0DF821A-CCB5-4743-9B98-DCEFCB0E682E}.Debug|Any CPU.Build.0 = Debug|Any CPU
		{B0DF821A-CCB5-4743-9B98-DCEFCB0E682E}.Release|Any CPU.ActiveCfg = Release|Any CPU
		{B0DF821A-CCB5-4743-9B98-DCEFCB0E682E}.Release|Any CPU.Build.0 = Release|Any CPU
		{06F5941F-CED0-43E3-83D9-5DE770AE670A}.Debug|Any CPU.ActiveCfg = Debug|Any CPU
		{06F5941F-CED0-43E3-83D9-5DE770AE670A}.Debug|Any CPU.Build.0 = Debug|Any CPU
		{06F5941F-CED0-43E3-83D9-5DE770AE670A}.Release|Any CPU.ActiveCfg = Release|Any CPU
		{06F5941F-CED0-43E3-83D9-5DE770AE670A}.Release|Any CPU.Build.0 = Release|Any CPU
		{E425399F-3EA3-420E-BF6C-09B744B2BDC9}.Debug|Any CPU.ActiveCfg = Debug|Any CPU
		{E425399F-3EA3-420E-BF6C-09B744B2BDC9}.Debug|Any CPU.Build.0 = Debug|Any CPU
		{E425399F-3EA3-420E-BF6C-09B744B2BDC9}.Release|Any CPU.ActiveCfg = Release|Any CPU
		{E425399F-3EA3-420E-BF6C-09B744B2BDC9}.Release|Any CPU.Build.0 = Release|Any CPU
		{B4FC7C40-BEEB-4189-8CAD-263EE2156668}.Debug|Any CPU.ActiveCfg = Debug|Any CPU
		{B4FC7C40-BEEB-4189-8CAD-263EE2156668}.Debug|Any CPU.Build.0 = Debug|Any CPU
		{B4FC7C40-BEEB-4189-8CAD-263EE2156668}.Release|Any CPU.ActiveCfg = Release|Any CPU
		{B4FC7C40-BEEB-4189-8CAD-263EE2156668}.Release|Any CPU.Build.0 = Release|Any CPU
		{A0034C06-E01E-4B14-872E-B2A36D4FB5CA}.Debug|Any CPU.ActiveCfg = Debug|Any CPU
		{A0034C06-E01E-4B14-872E-B2A36D4FB5CA}.Debug|Any CPU.Build.0 = Debug|Any CPU
		{A0034C06-E01E-4B14-872E-B2A36D4FB5CA}.Release|Any CPU.ActiveCfg = Release|Any CPU
		{A0034C06-E01E-4B14-872E-B2A36D4FB5CA}.Release|Any CPU.Build.0 = Release|Any CPU
		{CB086C42-45A7-40F8-AFD5-700A6EE630F7}.Debug|Any CPU.ActiveCfg = Debug|Any CPU
		{CB086C42-45A7-40F8-AFD5-700A6EE630F7}.Debug|Any CPU.Build.0 = Debug|Any CPU
		{CB086C42-45A7-40F8-AFD5-700A6EE630F7}.Release|Any CPU.ActiveCfg = Release|Any CPU
		{CB086C42-45A7-40F8-AFD5-700A6EE630F7}.Release|Any CPU.Build.0 = Release|Any CPU
		{726AC512-05F7-428A-B274-537EBA7C2FCE}.Debug|Any CPU.ActiveCfg = Debug|Any CPU
		{726AC512-05F7-428A-B274-537EBA7C2FCE}.Debug|Any CPU.Build.0 = Debug|Any CPU
		{726AC512-05F7-428A-B274-537EBA7C2FCE}.Release|Any CPU.ActiveCfg = Release|Any CPU
		{726AC512-05F7-428A-B274-537EBA7C2FCE}.Release|Any CPU.Build.0 = Release|Any CPU
		{6BAEE46C-F1C0-44C5-957B-FE437DAEE7A5}.Debug|Any CPU.ActiveCfg = Debug|Any CPU
		{6BAEE46C-F1C0-44C5-957B-FE437DAEE7A5}.Debug|Any CPU.Build.0 = Debug|Any CPU
		{6BAEE46C-F1C0-44C5-957B-FE437DAEE7A5}.Release|Any CPU.ActiveCfg = Release|Any CPU
		{6BAEE46C-F1C0-44C5-957B-FE437DAEE7A5}.Release|Any CPU.Build.0 = Release|Any CPU
		{778EC63E-8D42-4950-8ED9-E98F29E2A9F6}.Debug|Any CPU.ActiveCfg = Debug|Any CPU
		{778EC63E-8D42-4950-8ED9-E98F29E2A9F6}.Debug|Any CPU.Build.0 = Debug|Any CPU
		{778EC63E-8D42-4950-8ED9-E98F29E2A9F6}.Release|Any CPU.ActiveCfg = Release|Any CPU
		{778EC63E-8D42-4950-8ED9-E98F29E2A9F6}.Release|Any CPU.Build.0 = Release|Any CPU
		{FA8E8C0A-E51C-4C76-AD72-B0314BCB0A9B}.Debug|Any CPU.ActiveCfg = Debug|Any CPU
		{FA8E8C0A-E51C-4C76-AD72-B0314BCB0A9B}.Debug|Any CPU.Build.0 = Debug|Any CPU
		{FA8E8C0A-E51C-4C76-AD72-B0314BCB0A9B}.Release|Any CPU.ActiveCfg = Release|Any CPU
		{FA8E8C0A-E51C-4C76-AD72-B0314BCB0A9B}.Release|Any CPU.Build.0 = Release|Any CPU
		{614F29FF-5432-4D17-89C0-49C74920BE54}.Debug|Any CPU.ActiveCfg = Debug|Any CPU
		{614F29FF-5432-4D17-89C0-49C74920BE54}.Debug|Any CPU.Build.0 = Debug|Any CPU
		{614F29FF-5432-4D17-89C0-49C74920BE54}.Release|Any CPU.ActiveCfg = Release|Any CPU
		{614F29FF-5432-4D17-89C0-49C74920BE54}.Release|Any CPU.Build.0 = Release|Any CPU
		{DDC83A73-1C9A-41A5-95D6-E9DC11DDA202}.Debug|Any CPU.ActiveCfg = Debug|Any CPU
		{DDC83A73-1C9A-41A5-95D6-E9DC11DDA202}.Debug|Any CPU.Build.0 = Debug|Any CPU
		{DDC83A73-1C9A-41A5-95D6-E9DC11DDA202}.Release|Any CPU.ActiveCfg = Release|Any CPU
		{DDC83A73-1C9A-41A5-95D6-E9DC11DDA202}.Release|Any CPU.Build.0 = Release|Any CPU
		{D5E491DD-4074-46A1-9B03-CE32D56A44CD}.Debug|Any CPU.ActiveCfg = Debug|Any CPU
		{D5E491DD-4074-46A1-9B03-CE32D56A44CD}.Debug|Any CPU.Build.0 = Debug|Any CPU
		{D5E491DD-4074-46A1-9B03-CE32D56A44CD}.Release|Any CPU.ActiveCfg = Release|Any CPU
		{D5E491DD-4074-46A1-9B03-CE32D56A44CD}.Release|Any CPU.Build.0 = Release|Any CPU
		{2ADF7010-51C8-40B6-9EFA-47835812B7F4}.Debug|Any CPU.ActiveCfg = Debug|Any CPU
		{2ADF7010-51C8-40B6-9EFA-47835812B7F4}.Debug|Any CPU.Build.0 = Debug|Any CPU
		{2ADF7010-51C8-40B6-9EFA-47835812B7F4}.Release|Any CPU.ActiveCfg = Release|Any CPU
		{2ADF7010-51C8-40B6-9EFA-47835812B7F4}.Release|Any CPU.Build.0 = Release|Any CPU
		{5D9D9B70-F9F4-48C6-9D8A-5DC7C8DE8B36}.Debug|Any CPU.ActiveCfg = Debug|Any CPU
		{5D9D9B70-F9F4-48C6-9D8A-5DC7C8DE8B36}.Debug|Any CPU.Build.0 = Debug|Any CPU
		{5D9D9B70-F9F4-48C6-9D8A-5DC7C8DE8B36}.Release|Any CPU.ActiveCfg = Release|Any CPU
		{5D9D9B70-F9F4-48C6-9D8A-5DC7C8DE8B36}.Release|Any CPU.Build.0 = Release|Any CPU
		{E695D935-6EFC-4705-8507-159775B8DC62}.Debug|Any CPU.ActiveCfg = Debug|Any CPU
		{E695D935-6EFC-4705-8507-159775B8DC62}.Debug|Any CPU.Build.0 = Debug|Any CPU
		{E695D935-6EFC-4705-8507-159775B8DC62}.Release|Any CPU.ActiveCfg = Release|Any CPU
		{E695D935-6EFC-4705-8507-159775B8DC62}.Release|Any CPU.Build.0 = Release|Any CPU
		{2281E1D3-7099-4B9F-9234-67B3DBA99A4B}.Debug|Any CPU.ActiveCfg = Debug|Any CPU
		{2281E1D3-7099-4B9F-9234-67B3DBA99A4B}.Debug|Any CPU.Build.0 = Debug|Any CPU
		{2281E1D3-7099-4B9F-9234-67B3DBA99A4B}.Release|Any CPU.ActiveCfg = Release|Any CPU
		{2281E1D3-7099-4B9F-9234-67B3DBA99A4B}.Release|Any CPU.Build.0 = Release|Any CPU
		{7F07AEFF-560E-473F-9E41-537BCF0B197B}.Debug|Any CPU.ActiveCfg = Debug|Any CPU
		{7F07AEFF-560E-473F-9E41-537BCF0B197B}.Debug|Any CPU.Build.0 = Debug|Any CPU
		{7F07AEFF-560E-473F-9E41-537BCF0B197B}.Release|Any CPU.ActiveCfg = Release|Any CPU
		{7F07AEFF-560E-473F-9E41-537BCF0B197B}.Release|Any CPU.Build.0 = Release|Any CPU
		{3BA7E924-977E-454F-B2DA-C08395334E66}.Debug|Any CPU.ActiveCfg = Debug|Any CPU
		{3BA7E924-977E-454F-B2DA-C08395334E66}.Debug|Any CPU.Build.0 = Debug|Any CPU
		{3BA7E924-977E-454F-B2DA-C08395334E66}.Release|Any CPU.ActiveCfg = Release|Any CPU
		{3BA7E924-977E-454F-B2DA-C08395334E66}.Release|Any CPU.Build.0 = Release|Any CPU
		{3F4FBB83-20AA-4305-BFA4-704D32506593}.Debug|Any CPU.ActiveCfg = Debug|Any CPU
		{3F4FBB83-20AA-4305-BFA4-704D32506593}.Debug|Any CPU.Build.0 = Debug|Any CPU
		{3F4FBB83-20AA-4305-BFA4-704D32506593}.Release|Any CPU.ActiveCfg = Release|Any CPU
		{3F4FBB83-20AA-4305-BFA4-704D32506593}.Release|Any CPU.Build.0 = Release|Any CPU
		{46192FF3-36B4-42B5-9F4C-281394D321D0}.Debug|Any CPU.ActiveCfg = Debug|Any CPU
		{46192FF3-36B4-42B5-9F4C-281394D321D0}.Debug|Any CPU.Build.0 = Debug|Any CPU
		{46192FF3-36B4-42B5-9F4C-281394D321D0}.Release|Any CPU.ActiveCfg = Release|Any CPU
		{46192FF3-36B4-42B5-9F4C-281394D321D0}.Release|Any CPU.Build.0 = Release|Any CPU
		{DC5D086C-708C-46B2-A6C3-F1C2A83F42E3}.Debug|Any CPU.ActiveCfg = Debug|Any CPU
		{DC5D086C-708C-46B2-A6C3-F1C2A83F42E3}.Debug|Any CPU.Build.0 = Debug|Any CPU
		{DC5D086C-708C-46B2-A6C3-F1C2A83F42E3}.Release|Any CPU.ActiveCfg = Release|Any CPU
		{DC5D086C-708C-46B2-A6C3-F1C2A83F42E3}.Release|Any CPU.Build.0 = Release|Any CPU
		{7961FC59-43B1-4F21-8976-5074536D5CA7}.Debug|Any CPU.ActiveCfg = Debug|Any CPU
		{7961FC59-43B1-4F21-8976-5074536D5CA7}.Debug|Any CPU.Build.0 = Debug|Any CPU
		{7961FC59-43B1-4F21-8976-5074536D5CA7}.Release|Any CPU.ActiveCfg = Release|Any CPU
		{7961FC59-43B1-4F21-8976-5074536D5CA7}.Release|Any CPU.Build.0 = Release|Any CPU
		{24A6626E-9E90-469D-9CCD-EF8BF3ED6AC5}.Debug|Any CPU.ActiveCfg = Debug|Any CPU
		{24A6626E-9E90-469D-9CCD-EF8BF3ED6AC5}.Debug|Any CPU.Build.0 = Debug|Any CPU
		{24A6626E-9E90-469D-9CCD-EF8BF3ED6AC5}.Release|Any CPU.ActiveCfg = Release|Any CPU
		{24A6626E-9E90-469D-9CCD-EF8BF3ED6AC5}.Release|Any CPU.Build.0 = Release|Any CPU
		{709467AA-1B4D-4AAA-9912-CE84707C733A}.Debug|Any CPU.ActiveCfg = Debug|Any CPU
		{709467AA-1B4D-4AAA-9912-CE84707C733A}.Debug|Any CPU.Build.0 = Debug|Any CPU
		{709467AA-1B4D-4AAA-9912-CE84707C733A}.Release|Any CPU.ActiveCfg = Release|Any CPU
		{709467AA-1B4D-4AAA-9912-CE84707C733A}.Release|Any CPU.Build.0 = Release|Any CPU
		{5BB8D645-8EDC-403A-A5AA-67B236FC2807}.Debug|Any CPU.ActiveCfg = Debug|Any CPU
		{5BB8D645-8EDC-403A-A5AA-67B236FC2807}.Debug|Any CPU.Build.0 = Debug|Any CPU
		{5BB8D645-8EDC-403A-A5AA-67B236FC2807}.Release|Any CPU.ActiveCfg = Release|Any CPU
		{5BB8D645-8EDC-403A-A5AA-67B236FC2807}.Release|Any CPU.Build.0 = Release|Any CPU
		{07E00680-0151-4B8A-AFBD-B22DF382CB36}.Debug|Any CPU.ActiveCfg = Debug|Any CPU
		{07E00680-0151-4B8A-AFBD-B22DF382CB36}.Debug|Any CPU.Build.0 = Debug|Any CPU
		{07E00680-0151-4B8A-AFBD-B22DF382CB36}.Release|Any CPU.ActiveCfg = Release|Any CPU
		{07E00680-0151-4B8A-AFBD-B22DF382CB36}.Release|Any CPU.Build.0 = Release|Any CPU
		{F718C326-690B-4153-9ED8-041B2068B619}.Debug|Any CPU.ActiveCfg = Debug|Any CPU
		{F718C326-690B-4153-9ED8-041B2068B619}.Debug|Any CPU.Build.0 = Debug|Any CPU
		{F718C326-690B-4153-9ED8-041B2068B619}.Release|Any CPU.ActiveCfg = Release|Any CPU
		{F718C326-690B-4153-9ED8-041B2068B619}.Release|Any CPU.Build.0 = Release|Any CPU
		{20AA9BC2-55E1-4C8B-8971-826BC0E85FB7}.Debug|Any CPU.ActiveCfg = Debug|Any CPU
		{20AA9BC2-55E1-4C8B-8971-826BC0E85FB7}.Debug|Any CPU.Build.0 = Debug|Any CPU
		{20AA9BC2-55E1-4C8B-8971-826BC0E85FB7}.Release|Any CPU.ActiveCfg = Release|Any CPU
		{20AA9BC2-55E1-4C8B-8971-826BC0E85FB7}.Release|Any CPU.Build.0 = Release|Any CPU
	EndGlobalSection
EndGlobal
